# This file is generated by running "yarn install" inside your project.
# Manual changes might be lost - proceed with caution!

__metadata:
  version: 6
  cacheKey: 8

"@next/env@npm:13.4.19":
  version: 13.4.19
  resolution: "@next/env@npm:13.4.19"
  checksum: ace4f82890954ade0164fbe2b7ff988268d2b99b2e80caa6707c51fa4cbfaaa31e48fbbcecd4fd142af3503c544e1b4c91e8185d4af253c8fb46550e9e70ad7e
  languageName: node
  linkType: hard

"@next/swc-darwin-arm64@npm:13.4.19":
  version: 13.4.19
  resolution: "@next/swc-darwin-arm64@npm:13.4.19"
  conditions: os=darwin & cpu=arm64
  languageName: node
  linkType: hard

"@next/swc-darwin-x64@npm:13.4.19":
  version: 13.4.19
  resolution: "@next/swc-darwin-x64@npm:13.4.19"
  conditions: os=darwin & cpu=x64
  languageName: node
  linkType: hard

"@next/swc-linux-arm64-gnu@npm:13.4.19":
  version: 13.4.19
  resolution: "@next/swc-linux-arm64-gnu@npm:13.4.19"
  conditions: os=linux & cpu=arm64 & libc=glibc
  languageName: node
  linkType: hard

"@next/swc-linux-arm64-musl@npm:13.4.19":
  version: 13.4.19
  resolution: "@next/swc-linux-arm64-musl@npm:13.4.19"
  conditions: os=linux & cpu=arm64 & libc=musl
  languageName: node
  linkType: hard

"@next/swc-linux-x64-gnu@npm:13.4.19":
  version: 13.4.19
  resolution: "@next/swc-linux-x64-gnu@npm:13.4.19"
  conditions: os=linux & cpu=x64 & libc=glibc
  languageName: node
  linkType: hard

"@next/swc-linux-x64-musl@npm:13.4.19":
  version: 13.4.19
  resolution: "@next/swc-linux-x64-musl@npm:13.4.19"
  conditions: os=linux & cpu=x64 & libc=musl
  languageName: node
  linkType: hard

"@next/swc-win32-arm64-msvc@npm:13.4.19":
  version: 13.4.19
  resolution: "@next/swc-win32-arm64-msvc@npm:13.4.19"
  conditions: os=win32 & cpu=arm64
  languageName: node
  linkType: hard

"@next/swc-win32-ia32-msvc@npm:13.4.19":
  version: 13.4.19
  resolution: "@next/swc-win32-ia32-msvc@npm:13.4.19"
  conditions: os=win32 & cpu=ia32
  languageName: node
  linkType: hard

"@next/swc-win32-x64-msvc@npm:13.4.19":
  version: 13.4.19
  resolution: "@next/swc-win32-x64-msvc@npm:13.4.19"
  conditions: os=win32 & cpu=x64
  languageName: node
  linkType: hard

"@storyblok/app-extension-auth@npm:^2.1.0":
  version: 2.1.0
  resolution: "@storyblok/app-extension-auth@npm:2.1.0"
  dependencies:
    "@storyblok/region-helper": ^1.2.0
    jsonwebtoken: ^9.0.0
    openid-client: ^5.7.1
  checksum: 0d8c078c0a57089584ddf976d28dcdb4e470929cc1d477e1c003c7a987a548617c95bb0f29b99a530a5b5c8c4a940780c368df80436abcac8601bca8812709a1
  languageName: node
  linkType: hard

"@storyblok/region-helper@npm:^1.2.0":
  version: 1.2.0
  resolution: "@storyblok/region-helper@npm:1.2.0"
  checksum: 11c01eccc42e4d69edfe070f654be7b4756e2679df8f31ff9d6e3d2602208ed2b37ae93f64c107dbcdea6d6a6b76691e2a00b0a31335d0085926392e36a7d5b4
  languageName: node
  linkType: hard

"@swc/helpers@npm:0.5.1":
  version: 0.5.1
  resolution: "@swc/helpers@npm:0.5.1"
  dependencies:
    tslib: ^2.4.0
  checksum: 71e0e27234590435e4c62b97ef5e796f88e786841a38c7116a5e27a3eafa7b9ead7cdec5249b32165902076de78446945311c973e59bddf77c1e24f33a8f272a
  languageName: node
  linkType: hard

"@types/jsonwebtoken@npm:^9.0.9":
  version: 9.0.9
  resolution: "@types/jsonwebtoken@npm:9.0.9"
  dependencies:
    "@types/ms": "*"
    "@types/node": "*"
  checksum: 9d564fc09fc83f66e319754dee0b039ae23f28fc38a9227c35283e69311ddf5a7493a060c7f956df8cd856416747c515b51fec20b8656865eacebf23b3c6bc62
  languageName: node
  linkType: hard

"@types/ms@npm:*":
  version: 2.1.0
  resolution: "@types/ms@npm:2.1.0"
  checksum: 532d2ebb91937ccc4a89389715e5b47d4c66e708d15942fe6cc25add6dc37b2be058230a327dd50f43f89b8b6d5d52b74685a9e8f70516edfc9bdd6be910eff4
  languageName: node
  linkType: hard

"@types/node@npm:*":
  version: 22.5.5
  resolution: "@types/node@npm:22.5.5"
  dependencies:
    undici-types: ~6.19.2
  checksum: 1f788966ff7df07add0af3481fb68c7fe5091cc72a265c671432abb443788ddacca4ca6378af64fe100c20f857c4d80170d358e66c070171fcea0d4adb1b45b1
  languageName: node
  linkType: hard

"@types/node@npm:22.14.0":
  version: 22.14.0
  resolution: "@types/node@npm:22.14.0"
  dependencies:
    undici-types: ~6.21.0
  checksum: 8bfae1d3c428b122d23750690bdc5b8295a53949823563ec60654a24ece98bde4fc0d2b5f06ddc6def6f01a08dfe62cece7c93e60964b74f736145dad5ee1302
  languageName: node
  linkType: hard

"@types/prop-types@npm:*":
  version: 15.7.13
  resolution: "@types/prop-types@npm:15.7.13"
  checksum: 8935cad87c683c665d09a055919d617fe951cb3b2d5c00544e3a913f861a2bd8d2145b51c9aa6d2457d19f3107ab40784c40205e757232f6a80cc8b1c815513c
  languageName: node
  linkType: hard

"@types/react-dom@npm:18.2.7":
  version: 18.2.7
  resolution: "@types/react-dom@npm:18.2.7"
  dependencies:
    "@types/react": "*"
  checksum: e02ea908289a7ad26053308248d2b87f6aeafd73d0e2de2a3d435947bcea0422599016ffd1c3e38ff36c42f5e1c87c7417f05b0a157e48649e4a02f21727d54f
  languageName: node
  linkType: hard

"@types/react@npm:*":
  version: 18.3.7
  resolution: "@types/react@npm:18.3.7"
  dependencies:
    "@types/prop-types": "*"
    csstype: ^3.0.2
  checksum: 027cf84d8309c4d0a9b16ec26f71de0950e2d748293bbc4dac42519f77d0bec099aeb5fb1c0bcb891725973e53085c1aedea5c3a16bca215c2fc2ecf68c7ec6e
  languageName: node
  linkType: hard

"@types/react@npm:18.2.21":
  version: 18.2.21
  resolution: "@types/react@npm:18.2.21"
  dependencies:
    "@types/prop-types": "*"
    "@types/scheduler": "*"
    csstype: ^3.0.2
  checksum: ffed203bfe7aad772b8286f7953305c9181ac3a8f27d3f5400fbbc2a8e27ca8e5bbff818ee014f39ca0d19d2b3bb154e5bdbec7e232c6f80b59069375aa78349
  languageName: node
  linkType: hard

"@types/scheduler@npm:*":
  version: 0.23.0
  resolution: "@types/scheduler@npm:0.23.0"
  checksum: 874d753aa65c17760dfc460a91e6df24009bde37bfd427a031577b30262f7770c1b8f71a21366c7dbc76111967384cf4090a31d65315155180ef14bd7acccb32
  languageName: node
  linkType: hard

"buffer-equal-constant-time@npm:1.0.1":
  version: 1.0.1
  resolution: "buffer-equal-constant-time@npm:1.0.1"
  checksum: 80bb945f5d782a56f374b292770901065bad21420e34936ecbe949e57724b4a13874f735850dd1cc61f078773c4fb5493a41391e7bda40d1fa388d6bd80daaab
  languageName: node
  linkType: hard

"busboy@npm:1.6.0":
  version: 1.6.0
  resolution: "busboy@npm:1.6.0"
  dependencies:
    streamsearch: ^1.1.0
  checksum: 32801e2c0164e12106bf236291a00795c3c4e4b709ae02132883fe8478ba2ae23743b11c5735a0aae8afe65ac4b6ca4568b91f0d9fed1fdbc32ede824a73746e
  languageName: node
  linkType: hard

"caniuse-lite@npm:^1.0.30001406":
  version: 1.0.30001662
  resolution: "caniuse-lite@npm:1.0.30001662"
  checksum: 7a6a0c0d9f7c4a1c51de02838eb47f41f36fff57a77b846c8faed35ba9afba17b9399bc00bd637e5c1663cbc132534085d91151de48edca2ad8932a5d87e23af
  languageName: node
  linkType: hard

"client-only@npm:0.0.1":
  version: 0.0.1
  resolution: "client-only@npm:0.0.1"
  checksum: 0c16bf660dadb90610553c1d8946a7fdfb81d624adea073b8440b7d795d5b5b08beb3c950c6a2cf16279365a3265158a236876d92bce16423c485c322d7dfaf8
  languageName: node
  linkType: hard

"csstype@npm:^3.0.2":
  version: 3.1.3
  resolution: "csstype@npm:3.1.3"
  checksum: 8db785cc92d259102725b3c694ec0c823f5619a84741b5c7991b8ad135dfaa66093038a1cc63e03361a6cd28d122be48f2106ae72334e067dd619a51f49eddf7
  languageName: node
  linkType: hard

"ecdsa-sig-formatter@npm:1.0.11":
  version: 1.0.11
  resolution: "ecdsa-sig-formatter@npm:1.0.11"
  dependencies:
    safe-buffer: ^5.0.1
  checksum: 207f9ab1c2669b8e65540bce29506134613dd5f122cccf1e6a560f4d63f2732d427d938f8481df175505aad94583bcb32c688737bb39a6df0625f903d6d93c03
  languageName: node
  linkType: hard

"glob-to-regexp@npm:^0.4.1":
  version: 0.4.1
  resolution: "glob-to-regexp@npm:0.4.1"
  checksum: e795f4e8f06d2a15e86f76e4d92751cf8bbfcf0157cea5c2f0f35678a8195a750b34096b1256e436f0cebc1883b5ff0888c47348443e69546a5a87f9e1eb1167
  languageName: node
  linkType: hard

"graceful-fs@npm:^4.1.2":
  version: 4.2.11
  resolution: "graceful-fs@npm:4.2.11"
  checksum: ac85f94da92d8eb6b7f5a8b20ce65e43d66761c55ce85ac96df6865308390da45a8d3f0296dd3a663de65d30ba497bd46c696cc1e248c72b13d6d567138a4fc7
  languageName: node
  linkType: hard

"jose@npm:^4.15.9":
  version: 4.15.9
  resolution: "jose@npm:4.15.9"
  checksum: 41abe1c99baa3cf8a78ebbf93da8f8e50e417b7a26754c4afa21865d87527b8ac2baf66de2c5f6accc3f7d7158658dae7364043677236ea1d07895b040097f15
  languageName: node
  linkType: hard

"js-tokens@npm:^3.0.0 || ^4.0.0":
  version: 4.0.0
  resolution: "js-tokens@npm:4.0.0"
  checksum: 8a95213a5a77deb6cbe94d86340e8d9ace2b93bc367790b260101d2f36a2eaf4e4e22d9fa9cf459b38af3a32fb4190e638024cf82ec95ef708680e405ea7cc78
  languageName: node
  linkType: hard

"jsonwebtoken@npm:^9.0.0, jsonwebtoken@npm:^9.0.2":
  version: 9.0.2
  resolution: "jsonwebtoken@npm:9.0.2"
  dependencies:
    jws: ^3.2.2
    lodash.includes: ^4.3.0
    lodash.isboolean: ^3.0.3
    lodash.isinteger: ^4.0.4
    lodash.isnumber: ^3.0.3
    lodash.isplainobject: ^4.0.6
    lodash.isstring: ^4.0.1
    lodash.once: ^4.0.0
    ms: ^2.1.1
    semver: ^7.5.4
  checksum: fc739a6a8b33f1974f9772dca7f8493ca8df4cc31c5a09dcfdb7cff77447dcf22f4236fb2774ef3fe50df0abeb8e1c6f4c41eba82f500a804ab101e2fbc9d61a
  languageName: node
  linkType: hard

"jwa@npm:^1.4.1":
  version: 1.4.1
  resolution: "jwa@npm:1.4.1"
  dependencies:
    buffer-equal-constant-time: 1.0.1
    ecdsa-sig-formatter: 1.0.11
    safe-buffer: ^5.0.1
  checksum: ff30ea7c2dcc61f3ed2098d868bf89d43701605090c5b21b5544b512843ec6fd9e028381a4dda466cbcdb885c2d1150f7c62e7168394ee07941b4098e1035e2f
  languageName: node
  linkType: hard

"jws@npm:^3.2.2":
  version: 3.2.2
  resolution: "jws@npm:3.2.2"
  dependencies:
    jwa: ^1.4.1
    safe-buffer: ^5.0.1
  checksum: f0213fe5b79344c56cd443428d8f65c16bf842dc8cb8f5aed693e1e91d79c20741663ad6eff07a6d2c433d1831acc9814e8d7bada6a0471fbb91d09ceb2bf5c2
  languageName: node
  linkType: hard

"lodash.includes@npm:^4.3.0":
  version: 4.3.0
  resolution: "lodash.includes@npm:4.3.0"
  checksum: 71092c130515a67ab3bd928f57f6018434797c94def7f46aafa417771e455ce3a4834889f4267b17887d7f75297dfabd96231bf704fd2b8c5096dc4a913568b6
  languageName: node
  linkType: hard

"lodash.isboolean@npm:^3.0.3":
  version: 3.0.3
  resolution: "lodash.isboolean@npm:3.0.3"
  checksum: b70068b4a8b8837912b54052557b21fc4774174e3512ed3c5b94621e5aff5eb6c68089d0a386b7e801d679cd105d2e35417978a5e99071750aa2ed90bffd0250
  languageName: node
  linkType: hard

"lodash.isinteger@npm:^4.0.4":
  version: 4.0.4
  resolution: "lodash.isinteger@npm:4.0.4"
  checksum: 6034821b3fc61a2ffc34e7d5644bb50c5fd8f1c0121c554c21ac271911ee0c0502274852845005f8651d51e199ee2e0cfebfe40aaa49c7fe617f603a8a0b1691
  languageName: node
  linkType: hard

"lodash.isnumber@npm:^3.0.3":
  version: 3.0.3
  resolution: "lodash.isnumber@npm:3.0.3"
  checksum: 913784275b565346255e6ae6a6e30b760a0da70abc29f3e1f409081585875105138cda4a429ff02577e1bc0a7ae2a90e0a3079a37f3a04c3d6c5aaa532f4cab2
  languageName: node
  linkType: hard

"lodash.isplainobject@npm:^4.0.6":
  version: 4.0.6
  resolution: "lodash.isplainobject@npm:4.0.6"
  checksum: 29c6351f281e0d9a1d58f1a4c8f4400924b4c79f18dfc4613624d7d54784df07efaff97c1ff2659f3e085ecf4fff493300adc4837553104cef2634110b0d5337
  languageName: node
  linkType: hard

"lodash.isstring@npm:^4.0.1":
  version: 4.0.1
  resolution: "lodash.isstring@npm:4.0.1"
  checksum: eaac87ae9636848af08021083d796e2eea3d02e80082ab8a9955309569cb3a463ce97fd281d7dc119e402b2e7d8c54a23914b15d2fc7fff56461511dc8937ba0
  languageName: node
  linkType: hard

"lodash.once@npm:^4.0.0":
  version: 4.1.1
  resolution: "lodash.once@npm:4.1.1"
  checksum: d768fa9f9b4e1dc6453be99b753906f58990e0c45e7b2ca5a3b40a33111e5d17f6edf2f768786e2716af90a8e78f8f91431ab8435f761fef00f9b0c256f6d245
  languageName: node
  linkType: hard

"loose-envify@npm:^1.1.0":
  version: 1.4.0
  resolution: "loose-envify@npm:1.4.0"
  dependencies:
    js-tokens: ^3.0.0 || ^4.0.0
  bin:
    loose-envify: cli.js
  checksum: 6517e24e0cad87ec9888f500c5b5947032cdfe6ef65e1c1936a0c48a524b81e65542c9c3edc91c97d5bddc806ee2a985dbc79be89215d613b1de5db6d1cfe6f4
  languageName: node
  linkType: hard

"lru-cache@npm:^6.0.0":
  version: 6.0.0
  resolution: "lru-cache@npm:6.0.0"
  dependencies:
    yallist: ^4.0.0
  checksum: f97f499f898f23e4585742138a22f22526254fdba6d75d41a1c2526b3b6cc5747ef59c5612ba7375f42aca4f8461950e925ba08c991ead0651b4918b7c978297
  languageName: node
  linkType: hard

"ms@npm:^2.1.1":
  version: 2.1.3
  resolution: "ms@npm:2.1.3"
  checksum: aa92de608021b242401676e35cfa5aa42dd70cbdc082b916da7fb925c542173e36bce97ea3e804923fe92c0ad991434e4a38327e15a1b5b5f945d66df615ae6d
  languageName: node
  linkType: hard

"nanoid@npm:^3.3.4":
  version: 3.3.7
  resolution: "nanoid@npm:3.3.7"
  bin:
    nanoid: bin/nanoid.cjs
  checksum: d36c427e530713e4ac6567d488b489a36582ef89da1d6d4e3b87eded11eb10d7042a877958c6f104929809b2ab0bafa17652b076cdf84324aa75b30b722204f2
  languageName: node
  linkType: hard

"next@npm:13.4.19":
  version: 13.4.19
  resolution: "next@npm:13.4.19"
  dependencies:
    "@next/env": 13.4.19
    "@next/swc-darwin-arm64": 13.4.19
    "@next/swc-darwin-x64": 13.4.19
    "@next/swc-linux-arm64-gnu": 13.4.19
    "@next/swc-linux-arm64-musl": 13.4.19
    "@next/swc-linux-x64-gnu": 13.4.19
    "@next/swc-linux-x64-musl": 13.4.19
    "@next/swc-win32-arm64-msvc": 13.4.19
    "@next/swc-win32-ia32-msvc": 13.4.19
    "@next/swc-win32-x64-msvc": 13.4.19
    "@swc/helpers": 0.5.1
    busboy: 1.6.0
    caniuse-lite: ^1.0.30001406
    postcss: 8.4.14
    styled-jsx: 5.1.1
    watchpack: 2.4.0
    zod: 3.21.4
  peerDependencies:
    "@opentelemetry/api": ^1.1.0
    react: ^18.2.0
    react-dom: ^18.2.0
    sass: ^1.3.0
  dependenciesMeta:
    "@next/swc-darwin-arm64":
      optional: true
    "@next/swc-darwin-x64":
      optional: true
    "@next/swc-linux-arm64-gnu":
      optional: true
    "@next/swc-linux-arm64-musl":
      optional: true
    "@next/swc-linux-x64-gnu":
      optional: true
    "@next/swc-linux-x64-musl":
      optional: true
    "@next/swc-win32-arm64-msvc":
      optional: true
    "@next/swc-win32-ia32-msvc":
      optional: true
    "@next/swc-win32-x64-msvc":
      optional: true
  peerDependenciesMeta:
    "@opentelemetry/api":
      optional: true
    sass:
      optional: true
  bin:
    next: dist/bin/next
  checksum: f4873dab8888ed4dae14d36d7cf8dc54cd042695cf7ee41d05e8757f463d11952a594eb066143cc2f7253ea1d41c6efe681cdc3ab8c2fa6eb0815fa5a94de3dc
  languageName: node
  linkType: hard

"object-hash@npm:^2.2.0":
  version: 2.2.0
  resolution: "object-hash@npm:2.2.0"
  checksum: 55ba841e3adce9c4f1b9b46b41983eda40f854e0d01af2802d3ae18a7085a17168d6b81731d43fdf1d6bcbb3c9f9c56d22c8fea992203ad90a38d7d919bc28f1
  languageName: node
  linkType: hard

"oidc-token-hash@npm:^5.0.3":
  version: 5.1.0
  resolution: "oidc-token-hash@npm:5.1.0"
  checksum: b1ac3bf07315b1e26a8a33da714d1adee58f4aa488a5680cee49adb58e3b7fd7b00be5acca86d93215de1ce1a7d53720cbc7eba8347124f251703ede3abdbcb6
  languageName: node
  linkType: hard

"openid-client@npm:^5.7.1":
  version: 5.7.1
  resolution: "openid-client@npm:5.7.1"
  dependencies:
    jose: ^4.15.9
    lru-cache: ^6.0.0
    object-hash: ^2.2.0
    oidc-token-hash: ^5.0.3
  checksum: 497aad2c8a022cef112ade19ed88fba6c8ca0e79607ebe5efdcf75c4095d7924ca479085c1c94f689f6dbc9442c61aab3c2443eb347bcbc6ef51df68827c7c47
  languageName: node
  linkType: hard

"picocolors@npm:^1.0.0":
  version: 1.1.0
  resolution: "picocolors@npm:1.1.0"
  checksum: a64d653d3a188119ff45781dfcdaeedd7625583f45280aea33fcb032c7a0d3959f2368f9b192ad5e8aade75b74dbd954ffe3106c158509a45e4c18ab379a2acd
  languageName: node
  linkType: hard

"postcss@npm:8.4.14":
  version: 8.4.14
  resolution: "postcss@npm:8.4.14"
  dependencies:
    nanoid: ^3.3.4
    picocolors: ^1.0.0
    source-map-js: ^1.0.2
  checksum: fe58766ff32e4becf65a7d57678995cfd239df6deed2fe0557f038b47c94e4132e7e5f68b5aa820c13adfec32e523b693efaeb65798efb995ce49ccd83953816
  languageName: node
  linkType: hard

"react-dom@npm:18.2.0":
  version: 18.2.0
  resolution: "react-dom@npm:18.2.0"
  dependencies:
    loose-envify: ^1.1.0
    scheduler: ^0.23.0
  peerDependencies:
    react: ^18.2.0
  checksum: 7d323310bea3a91be2965f9468d552f201b1c27891e45ddc2d6b8f717680c95a75ae0bc1e3f5cf41472446a2589a75aed4483aee8169287909fcd59ad149e8cc
  languageName: node
  linkType: hard

"react@npm:18.2.0":
  version: 18.2.0
  resolution: "react@npm:18.2.0"
  dependencies:
    loose-envify: ^1.1.0
  checksum: 88e38092da8839b830cda6feef2e8505dec8ace60579e46aa5490fc3dc9bba0bd50336507dc166f43e3afc1c42939c09fe33b25fae889d6f402721dcd78fca1b
  languageName: node
  linkType: hard

"safe-buffer@npm:^5.0.1":
  version: 5.2.1
  resolution: "safe-buffer@npm:5.2.1"
  checksum: b99c4b41fdd67a6aaf280fcd05e9ffb0813654894223afb78a31f14a19ad220bba8aba1cb14eddce1fcfb037155fe6de4e861784eb434f7d11ed58d1e70dd491
  languageName: node
  linkType: hard

"scheduler@npm:^0.23.0":
  version: 0.23.2
  resolution: "scheduler@npm:0.23.2"
  dependencies:
    loose-envify: ^1.1.0
  checksum: 3e82d1f419e240ef6219d794ff29c7ee415fbdc19e038f680a10c067108e06284f1847450a210b29bbaf97b9d8a97ced5f624c31c681248ac84c80d56ad5a2c4
  languageName: node
  linkType: hard

"semver@npm:^7.5.4":
  version: 7.6.3
  resolution: "semver@npm:7.6.3"
  bin:
    semver: bin/semver.js
  checksum: 4110ec5d015c9438f322257b1c51fe30276e5f766a3f64c09edd1d7ea7118ecbc3f379f3b69032bacf13116dc7abc4ad8ce0d7e2bd642e26b0d271b56b61a7d8
  languageName: node
  linkType: hard

"source-map-js@npm:^1.0.2":
  version: 1.2.1
  resolution: "source-map-js@npm:1.2.1"
  checksum: 4eb0cd997cdf228bc253bcaff9340afeb706176e64868ecd20efbe6efea931465f43955612346d6b7318789e5265bdc419bc7669c1cebe3db0eb255f57efa76b
  languageName: node
  linkType: hard

"streamsearch@npm:^1.1.0":
  version: 1.1.0
  resolution: "streamsearch@npm:1.1.0"
  checksum: 1cce16cea8405d7a233d32ca5e00a00169cc0e19fbc02aa839959985f267335d435c07f96e5e0edd0eadc6d39c98d5435fb5bbbdefc62c41834eadc5622ad942
  languageName: node
  linkType: hard

"styled-jsx@npm:5.1.1":
  version: 5.1.1
  resolution: "styled-jsx@npm:5.1.1"
  dependencies:
    client-only: 0.0.1
  peerDependencies:
    react: ">= 16.8.0 || 17.x.x || ^18.0.0-0"
  peerDependenciesMeta:
    "@babel/core":
      optional: true
    babel-plugin-macros:
      optional: true
  checksum: 523a33b38603492547e861b98e29c873939b04e15fbe5ef16132c6f1e15958126647983c7d4675325038b428a5e91183d996e90141b18bdd1bbadf6e2c45b2fa
  languageName: node
  linkType: hard

"tool-nextjs-starter@workspace:.":
  version: 0.0.0-use.local
  resolution: "tool-nextjs-starter@workspace:."
  dependencies:
    "@storyblok/app-extension-auth": ^2.1.0
    "@types/jsonwebtoken": ^9.0.9
    "@types/node": 22.14.0
    "@types/react": 18.2.21
    "@types/react-dom": 18.2.7
    jsonwebtoken: ^9.0.2
    next: 13.4.19
    react: 18.2.0
    react-dom: 18.2.0
    typescript: 5.8.3
  languageName: unknown
  linkType: soft

"tslib@npm:^2.4.0":
  version: 2.7.0
  resolution: "tslib@npm:2.7.0"
  checksum: 1606d5c89f88d466889def78653f3aab0f88692e80bb2066d090ca6112ae250ec1cfa9dbfaab0d17b60da15a4186e8ec4d893801c67896b277c17374e36e1d28
  languageName: node
  linkType: hard

"typescript@npm:5.8.3":
  version: 5.8.3
  resolution: "typescript@npm:5.8.3"
  bin:
    tsc: bin/tsc
    tsserver: bin/tsserver
  checksum: cb1d081c889a288b962d3c8ae18d337ad6ee88a8e81ae0103fa1fecbe923737f3ba1dbdb3e6d8b776c72bc73bfa6d8d850c0306eed1a51377d2fccdfd75d92c4
  languageName: node
  linkType: hard

"typescript@patch:typescript@5.8.3#~builtin<compat/typescript>":
  version: 5.8.3
  resolution: "typescript@patch:typescript@npm%3A5.8.3#~builtin<compat/typescript>::version=5.8.3&hash=f3b441"
  bin:
    tsc: bin/tsc
    tsserver: bin/tsserver
  checksum: 1b503525a88ff0ff5952e95870971c4fb2118c17364d60302c21935dedcd6c37e6a0a692f350892bafcef6f4a16d09073fe461158547978d2f16fbe4cb18581c
  languageName: node
  linkType: hard

"undici-types@npm:~6.19.2":
  version: 6.19.8
  resolution: "undici-types@npm:6.19.8"
  checksum: de51f1b447d22571cf155dfe14ff6d12c5bdaec237c765085b439c38ca8518fc360e88c70f99469162bf2e14188a7b0bcb06e1ed2dc031042b984b0bb9544017
  languageName: node
  linkType: hard

"undici-types@npm:~6.21.0":
  version: 6.21.0
  resolution: "undici-types@npm:6.21.0"
  checksum: 46331c7d6016bf85b3e8f20c159d62f5ae471aba1eb3dc52fff35a0259d58dcc7d592d4cc4f00c5f9243fa738a11cfa48bd20203040d4a9e6bc25e807fab7ab3
  languageName: node
  linkType: hard

"watchpack@npm:2.4.0":
  version: 2.4.0
  resolution: "watchpack@npm:2.4.0"
  dependencies:
    glob-to-regexp: ^0.4.1
    graceful-fs: ^4.1.2
  checksum: 23d4bc58634dbe13b86093e01c6a68d8096028b664ab7139d58f0c37d962d549a940e98f2f201cecdabd6f9c340338dc73ef8bf094a2249ef582f35183d1a131
  languageName: node
  linkType: hard

"yallist@npm:^4.0.0":
  version: 4.0.0
  resolution: "yallist@npm:4.0.0"
  checksum: 343617202af32df2a15a3be36a5a8c0c8545208f3d3dfbc6bb7c3e3b7e8c6f8e7485432e4f3b88da3031a6e20afa7c711eded32ddfb122896ac5d914e75848d5
  languageName: node
  linkType: hard

"zod@npm:3.21.4":
  version: 3.21.4
  resolution: "zod@npm:3.21.4"
  checksum: f185ba87342ff16f7a06686767c2b2a7af41110c7edf7c1974095d8db7a73792696bcb4a00853de0d2edeb34a5b2ea6a55871bc864227dace682a0a28de33e1f
  languageName: node
  linkType: hard
